
Microsoft Visual Studio Solution File, Format Version 12.00
# Visual Studio 15
Project("{FAE04EC0-301F-11D3-BF4B-00C04F79EFBC}") = "SwipeViewSample.Android", "SwipeViewSample.Android\SwipeViewSample.Android.csproj", "{9F5E0AD8-4DDE-4A5C-9BBA-7777B8A30727}"
EndProject
Project("{FAE04EC0-301F-11D3-BF4B-00C04F79EFBC}") = "SwipeViewSample.iOS", "SwipeViewSample.iOS\SwipeViewSample.iOS.csproj", "{767DC58E-2FAC-4887-978F-FC5C211EB12C}"
EndProject
Project("{FAE04EC0-301F-11D3-BF4B-00C04F79EFBC}") = "SwipeViewSample", "SwipeViewSample\SwipeViewSample.csproj", "{C63B3D4A-B800-4934-B373-6C1679CEC971}"
EndProject
Global
	GlobalSection(SolutionConfigurationPlatforms) = preSolution
		Debug|Any CPU = Debug|Any CPU
		Release|Any CPU = Release|Any CPU
		Debug|iPhoneSimulator = Debug|iPhoneSimulator
		Release|iPhoneSimulator = Release|iPhoneSimulator
		Debug|iPhone = Debug|iPhone
		Release|iPhone = Release|iPhone
	EndGlobalSection
	GlobalSection(ProjectConfigurationPlatforms) = postSolution
		{9F5E0AD8-4DDE-4A5C-9BBA-7777B8A30727}.Debug|Any CPU.ActiveCfg = Debug|Any CPU
		{9F5E0AD8-4DDE-4A5C-9BBA-7777B8A30727}.Debug|Any CPU.Build.0 = Debug|Any CPU
		{9F5E0AD8-4DDE-4A5C-9BBA-7777B8A30727}.Release|Any CPU.ActiveCfg = Release|Any CPU
		{9F5E0AD8-4DDE-4A5C-9BBA-7777B8A30727}.Release|Any CPU.Build.0 = Release|Any CPU
		{9F5E0AD8-4DDE-4A5C-9BBA-7777B8A30727}.Debug|iPhoneSimulator.ActiveCfg = Debug|Any CPU
		{9F5E0AD8-4DDE-4A5C-9BBA-7777B8A30727}.Debug|iPhoneSimulator.Build.0 = Debug|Any CPU
		{9F5E0AD8-4DDE-4A5C-9BBA-7777B8A30727}.Release|iPhoneSimulator.ActiveCfg = Release|Any CPU
		{9F5E0AD8-4DDE-4A5C-9BBA-7777B8A30727}.Release|iPhoneSimulator.Build.0 = Release|Any CPU
		{9F5E0AD8-4DDE-4A5C-9BBA-7777B8A30727}.Debug|iPhone.ActiveCfg = Debug|Any CPU
		{9F5E0AD8-4DDE-4A5C-9BBA-7777B8A30727}.Debug|iPhone.Build.0 = Debug|Any CPU
		{9F5E0AD8-4DDE-4A5C-9BBA-7777B8A30727}.Release|iPhone.ActiveCfg = Release|Any CPU
		{9F5E0AD8-4DDE-4A5C-9BBA-7777B8A30727}.Release|iPhone.Build.0 = Release|Any CPU
		{767DC58E-2FAC-4887-978F-FC5C211EB12C}.Debug|Any CPU.ActiveCfg = Debug|iPhoneSimulator
		{767DC58E-2FAC-4887-978F-FC5C211EB12C}.Debug|Any CPU.Build.0 = Debug|iPhoneSimulator
		{767DC58E-2FAC-4887-978F-FC5C211EB12C}.Release|Any CPU.ActiveCfg = Release|iPhoneSimulator
		{767DC58E-2FAC-4887-978F-FC5C211EB12C}.Release|Any CPU.Build.0 = Release|iPhoneSimulator
		{767DC58E-2FAC-4887-978F-FC5C211EB12C}.Debug|iPhoneSimulator.ActiveCfg = Debug|iPhoneSimulator
		{767DC58E-2FAC-4887-978F-FC5C211EB12C}.Debug|iPhoneSimulator.Build.0 = Debug|iPhoneSimulator
		{767DC58E-2FAC-4887-978F-FC5C211EB12C}.Release|iPhoneSimulator.ActiveCfg = Release|iPhoneSimulator
		{767DC58E-2FAC-4887-978F-FC5C211EB12C}.Release|iPhoneSimulator.Build.0 = Release|iPhoneSimulator
		{767DC58E-2FAC-4887-978F-FC5C211EB12C}.Debug|iPhone.ActiveCfg = Debug|iPhone
		{767DC58E-2FAC-4887-978F-FC5C211EB12C}.Debug|iPhone.Build.0 = Debug|iPhone
		{767DC58E-2FAC-4887-978F-FC5C211EB12C}.Release|iPhone.ActiveCfg = Release|iPhone
		{767DC58E-2FAC-4887-978F-FC5C211EB12C}.Release|iPhone.Build.0 = Release|iPhone
		{C63B3D4A-B800-4934-B373-6C1679CEC971}.Debug|Any CPU.ActiveCfg = Debug|Any CPU
		{C63B3D4A-B800-4934-B373-6C1679CEC971}.Debug|Any CPU.Build.0 = Debug|Any CPU
		{C63B3D4A-B800-4934-B373-6C1679CEC971}.Release|Any CPU.ActiveCfg = Release|Any CPU
		{C63B3D4A-B800-4934-B373-6C1679CEC971}.Release|Any CPU.Build.0 = Release|Any CPU
		{C63B3D4A-B800-4934-B373-6C1679CEC971}.Debug|iPhoneSimulator.ActiveCfg = Debug|Any CPU
		{C63B3D4A-B800-4934-B373-6C1679CEC971}.Debug|iPhoneSimulator.Build.0 = Debug|Any CPU
		{C63B3D4A-B800-4934-B373-6C1679CEC971}.Release|iPhoneSimulator.ActiveCfg = Release|Any CPU
		{C63B3D4A-B800-4934-B373-6C1679CEC971}.Release|iPhoneSimulator.Build.0 = Release|Any CPU
		{C63B3D4A-B800-4934-B373-6C1679CEC971}.Debug|iPhone.ActiveCfg = Debug|Any CPU
		{C63B3D4A-B800-4934-B373-6C1679CEC971}.Debug|iPhone.Build.0 = Debug|Any CPU
		{C63B3D4A-B800-4934-B373-6C1679CEC971}.Release|iPhone.ActiveCfg = Release|Any CPU
		{C63B3D4A-B800-4934-B373-6C1679CEC971}.Release|iPhone.Build.0 = Release|Any CPU
	EndGlobalSection
EndGlobal
